<Solution>
  <Folder Name="/src/">
    <Project Path="src/AgileAI.Abstractions/AgileAI.Abstractions.csproj" />
    <Project Path="src/AgileAI.Core/AgileAI.Core.csproj" />
    <Project Path="src/AgileAI.Providers.OpenAI/AgileAI.Providers.OpenAI.csproj" />
  </Folder>
  <Folder Name="/samples/">
    <Project Path="samples/ConsoleChat/ConsoleChat.csproj" />
    <Project Path="samples/ToolCallingSample/ToolCallingSample.csproj" />
  </Folder>
  <Folder Name="/tests/">
    <Project Path="tests/AgileAI.Tests/AgileAI.Tests.csproj" />
  </Folder>
</Solution>
